
Microsoft Visual Studio Solution File, Format Version 12.00
# Visual Studio Version 16
VisualStudioVersion = 16.0.31515.178
MinimumVisualStudioVersion = 10.0.40219.1
Project("{FAE04EC0-301F-11D3-BF4B-00C04F79EFBC}") = "Shop", "Shop\Shop.csproj", "{77D90223-B28F-47D3-A5C5-B8968767FC8C}"
EndProject
Global
	GlobalSection(SolutionConfigurationPlatforms) = preSolution
		Debug|Any CPU = Debug|Any CPU
		Release|Any CPU = Release|Any CPU
	EndGlobalSection
	GlobalSection(ProjectConfigurationPlatforms) = postSolution
		{77D90223-B28F-47D3-A5C5-B8968767FC8C}.Debug|Any CPU.ActiveCfg = Debug|Any CPU
		{77D90223-B28F-47D3-A5C5-B8968767FC8C}.Debug|Any CPU.Build.0 = Debug|Any CPU
		{77D90223-B28F-47D3-A5C5-B8968767FC8C}.Release|Any CPU.ActiveCfg = Release|Any CPU
		{77D90223-B28F-47D3-A5C5-B8968767FC8C}.Release|Any CPU.Build.0 = Release|Any CPU
	EndGlobalSection
	GlobalSection(SolutionProperties) = preSolution
		HideSolutionNode = FALSE
	EndGlobalSection
	GlobalSection(ExtensibilityGlobals) = postSolution
		SolutionGuid = {448E227A-43F1-4D64-83A7-194EDC0C3840}
	EndGlobalSection
EndGlobal
